
Microsoft Visual Studio Solution File, Format Version 12.00
# Visual Studio 14
VisualStudioVersion = 14.0.25420.1
MinimumVisualStudioVersion = 10.0.40219.1
Project("{FAE04EC0-301F-11D3-BF4B-00C04F79EFBC}") = "BruMe", "BruMe\BruMe.csproj", "{AFB52CD0-18E6-428C-A821-86324C68651C}"
EndProject
Project("{FAE04EC0-301F-11D3-BF4B-00C04F79EFBC}") = "BruMeDomainObjects", "BruMeObjects\BruMeDomainObjects.csproj", "{C7676385-4A45-4C49-971C-A22136BE5F7C}"
EndProject
Project("{FAE04EC0-301F-11D3-BF4B-00C04F79EFBC}") = "BruMeServices", "BruMeServices\BruMeServices.csproj", "{FB77A484-DA69-40A9-AEC4-4EEE17652782}"
EndProject
Project("{FAE04EC0-301F-11D3-BF4B-00C04F79EFBC}") = "BruMeTests", "BruMeTests\BruMeTests.csproj", "{A979D4BF-F798-4DE7-A811-5C4E58B27200}"
EndProject
Project("{FAE04EC0-301F-11D3-BF4B-00C04F79EFBC}") = "BruMeWebAPI", "BruMeWebAPI\BruMeWebAPI.csproj", "{46F41A7C-69C9-45BA-B9B9-B8BCE260B014}"
EndProject
Global
	GlobalSection(SolutionConfigurationPlatforms) = preSolution
		Debug|Any CPU = Debug|Any CPU
		Release|Any CPU = Release|Any CPU
	EndGlobalSection
	GlobalSection(ProjectConfigurationPlatforms) = postSolution
		{AFB52CD0-18E6-428C-A821-86324C68651C}.Debug|Any CPU.ActiveCfg = Debug|Any CPU
		{AFB52CD0-18E6-428C-A821-86324C68651C}.Debug|Any CPU.Build.0 = Debug|Any CPU
		{AFB52CD0-18E6-428C-A821-86324C68651C}.Release|Any CPU.ActiveCfg = Release|Any CPU
		{AFB52CD0-18E6-428C-A821-86324C68651C}.Release|Any CPU.Build.0 = Release|Any CPU
		{C7676385-4A45-4C49-971C-A22136BE5F7C}.Debug|Any CPU.ActiveCfg = Debug|Any CPU
		{C7676385-4A45-4C49-971C-A22136BE5F7C}.Debug|Any CPU.Build.0 = Debug|Any CPU
		{C7676385-4A45-4C49-971C-A22136BE5F7C}.Release|Any CPU.ActiveCfg = Release|Any CPU
		{C7676385-4A45-4C49-971C-A22136BE5F7C}.Release|Any CPU.Build.0 = Release|Any CPU
		{FB77A484-DA69-40A9-AEC4-4EEE17652782}.Debug|Any CPU.ActiveCfg = Debug|Any CPU
		{FB77A484-DA69-40A9-AEC4-4EEE17652782}.Debug|Any CPU.Build.0 = Debug|Any CPU
		{FB77A484-DA69-40A9-AEC4-4EEE17652782}.Release|Any CPU.ActiveCfg = Release|Any CPU
		{FB77A484-DA69-40A9-AEC4-4EEE17652782}.Release|Any CPU.Build.0 = Release|Any CPU
		{A979D4BF-F798-4DE7-A811-5C4E58B27200}.Debug|Any CPU.ActiveCfg = Debug|Any CPU
		{A979D4BF-F798-4DE7-A811-5C4E58B27200}.Debug|Any CPU.Build.0 = Debug|Any CPU
		{A979D4BF-F798-4DE7-A811-5C4E58B27200}.Release|Any CPU.ActiveCfg = Release|Any CPU
		{A979D4BF-F798-4DE7-A811-5C4E58B27200}.Release|Any CPU.Build.0 = Release|Any CPU
		{46F41A7C-69C9-45BA-B9B9-B8BCE260B014}.Debug|Any CPU.ActiveCfg = Debug|Any CPU
		{46F41A7C-69C9-45BA-B9B9-B8BCE260B014}.Debug|Any CPU.Build.0 = Debug|Any CPU
		{46F41A7C-69C9-45BA-B9B9-B8BCE260B014}.Release|Any CPU.ActiveCfg = Release|Any CPU
		{46F41A7C-69C9-45BA-B9B9-B8BCE260B014}.Release|Any CPU.Build.0 = Release|Any CPU
	EndGlobalSection
	GlobalSection(SolutionProperties) = preSolution
		HideSolutionNode = FALSE
	EndGlobalSection
EndGlobal
